
Microsoft Visual Studio Solution File, Format Version 12.00
# Visual Studio Version 17
VisualStudioVersion = 17.14.36212.18
MinimumVisualStudioVersion = 10.0.40219.1
Project("{FAE04EC0-301F-11D3-BF4B-00C04F79EFBC}") = "csharpbasics", "csharpbasics\csharpbasics.csproj", "{D7F7E279-C7BF-4E7A-AAC3-F51918151E46}"
EndProject
Project("{FAE04EC0-301F-11D3-BF4B-00C04F79EFBC}") = "ifelse", "ifelse\ifelse.csproj", "{E3BE8BED-D308-4105-9B9A-46C5BE50DA21}"
EndProject
Project("{FAE04EC0-301F-11D3-BF4B-00C04F79EFBC}") = "switchexample", "switchexample\switchexample.csproj", "{5C339F27-7108-44FF-A31C-A2671A274A02}"
EndProject
Project("{FAE04EC0-301F-11D3-BF4B-00C04F79EFBC}") = "randomnums", "randomnums\randomnums.csproj", "{579440B2-1E3A-4CF8-B235-C03E560AC948}"
EndProject
Project("{FAE04EC0-301F-11D3-BF4B-00C04F79EFBC}") = "procedures", "procedures\procedures.csproj", "{35ABFF5F-2FFD-4D55-AEF4-EA9522BA6D3F}"
EndProject
Project("{FAE04EC0-301F-11D3-BF4B-00C04F79EFBC}") = "built in", "built in\built in.csproj", "{2098978D-AD3D-49DE-B775-E6BC29DA1A22}"
EndProject
Project("{FAE04EC0-301F-11D3-BF4B-00C04F79EFBC}") = "listexample", "listexample\listexample.csproj", "{3F634AE8-71F3-4A81-969B-2D5E65755683}"
EndProject
Project("{FAE04EC0-301F-11D3-BF4B-00C04F79EFBC}") = "funcex", "funcex\funcex.csproj", "{BFFBAC1A-CC77-4961-A49B-F063A22FA026}"
EndProject
Project("{FAE04EC0-301F-11D3-BF4B-00C04F79EFBC}") = "textfiles", "textfiles\textfiles.csproj", "{4C65C0E5-0784-494C-8800-A8D9E06F9997}"
EndProject
Project("{FAE04EC0-301F-11D3-BF4B-00C04F79EFBC}") = "structuresex", "structuresex\structuresex.csproj", "{AA6C247C-EBDB-4D8A-BF2A-09BC145AD33C}"
EndProject
Global
	GlobalSection(SolutionConfigurationPlatforms) = preSolution
		Debug|Any CPU = Debug|Any CPU
		Release|Any CPU = Release|Any CPU
	EndGlobalSection
	GlobalSection(ProjectConfigurationPlatforms) = postSolution
		{D7F7E279-C7BF-4E7A-AAC3-F51918151E46}.Debug|Any CPU.ActiveCfg = Debug|Any CPU
		{D7F7E279-C7BF-4E7A-AAC3-F51918151E46}.Debug|Any CPU.Build.0 = Debug|Any CPU
		{D7F7E279-C7BF-4E7A-AAC3-F51918151E46}.Release|Any CPU.ActiveCfg = Release|Any CPU
		{D7F7E279-C7BF-4E7A-AAC3-F51918151E46}.Release|Any CPU.Build.0 = Release|Any CPU
		{E3BE8BED-D308-4105-9B9A-46C5BE50DA21}.Debug|Any CPU.ActiveCfg = Debug|Any CPU
		{E3BE8BED-D308-4105-9B9A-46C5BE50DA21}.Debug|Any CPU.Build.0 = Debug|Any CPU
		{E3BE8BED-D308-4105-9B9A-46C5BE50DA21}.Release|Any CPU.ActiveCfg = Release|Any CPU
		{E3BE8BED-D308-4105-9B9A-46C5BE50DA21}.Release|Any CPU.Build.0 = Release|Any CPU
		{5C339F27-7108-44FF-A31C-A2671A274A02}.Debug|Any CPU.ActiveCfg = Debug|Any CPU
		{5C339F27-7108-44FF-A31C-A2671A274A02}.Debug|Any CPU.Build.0 = Debug|Any CPU
		{5C339F27-7108-44FF-A31C-A2671A274A02}.Release|Any CPU.ActiveCfg = Release|Any CPU
		{5C339F27-7108-44FF-A31C-A2671A274A02}.Release|Any CPU.Build.0 = Release|Any CPU
		{579440B2-1E3A-4CF8-B235-C03E560AC948}.Debug|Any CPU.ActiveCfg = Debug|Any CPU
		{579440B2-1E3A-4CF8-B235-C03E560AC948}.Debug|Any CPU.Build.0 = Debug|Any CPU
		{579440B2-1E3A-4CF8-B235-C03E560AC948}.Release|Any CPU.ActiveCfg = Release|Any CPU
		{579440B2-1E3A-4CF8-B235-C03E560AC948}.Release|Any CPU.Build.0 = Release|Any CPU
		{35ABFF5F-2FFD-4D55-AEF4-EA9522BA6D3F}.Debug|Any CPU.ActiveCfg = Debug|Any CPU
		{35ABFF5F-2FFD-4D55-AEF4-EA9522BA6D3F}.Debug|Any CPU.Build.0 = Debug|Any CPU
		{35ABFF5F-2FFD-4D55-AEF4-EA9522BA6D3F}.Release|Any CPU.ActiveCfg = Release|Any CPU
		{35ABFF5F-2FFD-4D55-AEF4-EA9522BA6D3F}.Release|Any CPU.Build.0 = Release|Any CPU
		{2098978D-AD3D-49DE-B775-E6BC29DA1A22}.Debug|Any CPU.ActiveCfg = Debug|Any CPU
		{2098978D-AD3D-49DE-B775-E6BC29DA1A22}.Debug|Any CPU.Build.0 = Debug|Any CPU
		{2098978D-AD3D-49DE-B775-E6BC29DA1A22}.Release|Any CPU.ActiveCfg = Release|Any CPU
		{2098978D-AD3D-49DE-B775-E6BC29DA1A22}.Release|Any CPU.Build.0 = Release|Any CPU
		{3F634AE8-71F3-4A81-969B-2D5E65755683}.Debug|Any CPU.ActiveCfg = Debug|Any CPU
		{3F634AE8-71F3-4A81-969B-2D5E65755683}.Debug|Any CPU.Build.0 = Debug|Any CPU
		{3F634AE8-71F3-4A81-969B-2D5E65755683}.Release|Any CPU.ActiveCfg = Release|Any CPU
		{3F634AE8-71F3-4A81-969B-2D5E65755683}.Release|Any CPU.Build.0 = Release|Any CPU
		{BFFBAC1A-CC77-4961-A49B-F063A22FA026}.Debug|Any CPU.ActiveCfg = Debug|Any CPU
		{BFFBAC1A-CC77-4961-A49B-F063A22FA026}.Debug|Any CPU.Build.0 = Debug|Any CPU
		{BFFBAC1A-CC77-4961-A49B-F063A22FA026}.Release|Any CPU.ActiveCfg = Release|Any CPU
		{BFFBAC1A-CC77-4961-A49B-F063A22FA026}.Release|Any CPU.Build.0 = Release|Any CPU
		{4C65C0E5-0784-494C-8800-A8D9E06F9997}.Debug|Any CPU.ActiveCfg = Debug|Any CPU
		{4C65C0E5-0784-494C-8800-A8D9E06F9997}.Debug|Any CPU.Build.0 = Debug|Any CPU
		{4C65C0E5-0784-494C-8800-A8D9E06F9997}.Release|Any CPU.ActiveCfg = Release|Any CPU
		{4C65C0E5-0784-494C-8800-A8D9E06F9997}.Release|Any CPU.Build.0 = Release|Any CPU
		{AA6C247C-EBDB-4D8A-BF2A-09BC145AD33C}.Debug|Any CPU.ActiveCfg = Debug|Any CPU
		{AA6C247C-EBDB-4D8A-BF2A-09BC145AD33C}.Debug|Any CPU.Build.0 = Debug|Any CPU
		{AA6C247C-EBDB-4D8A-BF2A-09BC145AD33C}.Release|Any CPU.ActiveCfg = Release|Any CPU
		{AA6C247C-EBDB-4D8A-BF2A-09BC145AD33C}.Release|Any CPU.Build.0 = Release|Any CPU
	EndGlobalSection
	GlobalSection(SolutionProperties) = preSolution
		HideSolutionNode = FALSE
	EndGlobalSection
	GlobalSection(ExtensibilityGlobals) = postSolution
		SolutionGuid = {370A43B5-E8D3-428A-B1F7-9325FD70DE34}
	EndGlobalSection
EndGlobal
